// !$*UTF8*$!
{
	archiveVersion = 1;
	classes = {
	};
	objectVersion = 47;
	objects = {

/* Begin PBXBuildFile section */
		472E1CC31C545B31005E3FE0 /* main.m in Sources */ = {isa = PBXBuildFile; fileRef = 472E1CC21C545B31005E3FE0 /* main.m */; };
		472E1CC61C545B31005E3FE0 /* AppDelegate.m in Sources */ = {isa = PBXBuildFile; fileRef = 472E1CC51C545B31005E3FE0 /* AppDelegate.m */; };
		472E1CC91C545B31005E3FE0 /* ViewController.mm in Sources */ = {isa = PBXBuildFile; fileRef = 472E1CC81C545B31005E3FE0 /* ViewController.mm */; };
		472E1CCC1C545B31005E3FE0 /* Main.storyboard in Resources */ = {isa = PBXBuildFile; fileRef = 472E1CCA1C545B31005E3FE0 /* Main.storyboard */; };
		472E1CCE1C545B31005E3FE0 /* Assets.xcassets in Resources */ = {isa = PBXBuildFile; fileRef = 472E1CCD1C545B31005E3FE0 /* Assets.xcassets */; };
		472E1CD11C545B31005E3FE0 /* LaunchScreen.storyboard in Resources */ = {isa = PBXBuildFile; fileRef = 472E1CCF1C545B31005E3FE0 /* LaunchScreen.storyboard */; };
		472E1CDB1C545B53005E3FE0 /* mxnet_predict-all.cc in Sources */ = {isa = PBXBuildFile; fileRef = 472E1CD91C545B53005E3FE0 /* mxnet_predict-all.cc */; };
		472E1CDD1C545B9A005E3FE0 /* Accelerate.framework in Frameworks */ = {isa = PBXBuildFile; fileRef = 472E1CDC1C545B9A005E3FE0 /* Accelerate.framework */; };
		C86E50AA1E7839D6009137C8 /* opencv2.framework in Frameworks */ = {isa = PBXBuildFile; fileRef = C86E50A91E7839D6009137C8 /* opencv2.framework */; };
		C86E50AC1E784DF1009137C8 /* UIKit.framework in Frameworks */ = {isa = PBXBuildFile; fileRef = C86E50AB1E784DF1009137C8 /* UIKit.framework */; };
		C86E50AE1E784EF8009137C8 /* CoreVideo.framework in Frameworks */ = {isa = PBXBuildFile; fileRef = C86E50AD1E784EF8009137C8 /* CoreVideo.framework */; };
		C86E50B01E784FC8009137C8 /* CoreGraphics.framework in Frameworks */ = {isa = PBXBuildFile; fileRef = C86E50AF1E784FC8009137C8 /* CoreGraphics.framework */; };
		C8D9F5621E718E27005DD292 /* LICENSE_MXNet in Resources */ = {isa = PBXBuildFile; fileRef = C8D9F5611E718E27005DD292 /* LICENSE_MXNet */; };
		C8D9F5671E719578005DD292 /* AVFoundation.framework in Frameworks */ = {isa = PBXBuildFile; fileRef = C8D9F5661E719578005DD292 /* AVFoundation.framework */; };
		C8D9F5691E7197BF005DD292 /* CoreMedia.framework in Frameworks */ = {isa = PBXBuildFile; fileRef = C8D9F5681E7197BF005DD292 /* CoreMedia.framework */; };
		C8FA00321E7024500063DD50 /* amalgamate_mxnet.sh in Resources */ = {isa = PBXBuildFile; fileRef = C8FA00311E7024500063DD50 /* amalgamate_mxnet.sh */; };
		C8FD90481EC0B48D00862215 /* binarized_binary-mnist_32-0001.params in Resources */ = {isa = PBXBuildFile; fileRef = C8FD90441EC0B48D00862215 /* binarized_binary-mnist_32-0001.params */; };
		C8FD90491EC0B48D00862215 /* binarized_binary-mnist_32-symbol.json in Resources */ = {isa = PBXBuildFile; fileRef = C8FD90451EC0B48D00862215 /* binarized_binary-mnist_32-symbol.json */; };
		C8FD904A1EC0B48D00862215 /* binarized_binary-mnist_64-0001.params in Resources */ = {isa = PBXBuildFile; fileRef = C8FD90461EC0B48D00862215 /* binarized_binary-mnist_64-0001.params */; };
		C8FD904B1EC0B48D00862215 /* binarized_binary-mnist_64-symbol.json in Resources */ = {isa = PBXBuildFile; fileRef = C8FD90471EC0B48D00862215 /* binarized_binary-mnist_64-symbol.json */; };
/* End PBXBuildFile section */

/* Begin PBXCopyFilesBuildPhase section */
		C86E50A51E76F4B7009137C8 /* CopyFiles */ = {
			isa = PBXCopyFilesBuildPhase;
			buildActionMask = 2147483647;
			dstPath = "";
			dstSubfolderSpec = 10;
			files = (
			);
			runOnlyForDeploymentPostprocessing = 0;
		};
/* End PBXCopyFilesBuildPhase section */

/* Begin PBXFileReference section */
		472E1CBE1C545B31005E3FE0 /* mnist-ios.app */ = {isa = PBXFileReference; explicitFileType = wrapper.application; includeInIndex = 0; path = "mnist-ios.app"; sourceTree = BUILT_PRODUCTS_DIR; };
		472E1CC21C545B31005E3FE0 /* main.m */ = {isa = PBXFileReference; lastKnownFileType = sourcecode.c.objc; path = main.m; sourceTree = "<group>"; };
		472E1CC41C545B31005E3FE0 /* AppDelegate.h */ = {isa = PBXFileReference; lastKnownFileType = sourcecode.c.h; path = AppDelegate.h; sourceTree = "<group>"; };
		472E1CC51C545B31005E3FE0 /* AppDelegate.m */ = {isa = PBXFileReference; lastKnownFileType = sourcecode.c.objc; path = AppDelegate.m; sourceTree = "<group>"; };
		472E1CC71C545B31005E3FE0 /* ViewController.h */ = {isa = PBXFileReference; lastKnownFileType = sourcecode.c.h; path = ViewController.h; sourceTree = "<group>"; };
		472E1CC81C545B31005E3FE0 /* ViewController.mm */ = {isa = PBXFileReference; lastKnownFileType = sourcecode.cpp.objcpp; path = ViewController.mm; sourceTree = "<group>"; };
		472E1CCB1C545B31005E3FE0 /* Base */ = {isa = PBXFileReference; lastKnownFileType = file.storyboard; name = Base; path = Base.lproj/Main.storyboard; sourceTree = "<group>"; };
		472E1CCD1C545B31005E3FE0 /* Assets.xcassets */ = {isa = PBXFileReference; lastKnownFileType = folder.assetcatalog; path = Assets.xcassets; sourceTree = "<group>"; };
		472E1CD01C545B31005E3FE0 /* Base */ = {isa = PBXFileReference; lastKnownFileType = file.storyboard; name = Base; path = Base.lproj/LaunchScreen.storyboard; sourceTree = "<group>"; };
		472E1CD21C545B31005E3FE0 /* Info.plist */ = {isa = PBXFileReference; lastKnownFileType = text.plist.xml; path = Info.plist; sourceTree = "<group>"; };
		472E1CD91C545B53005E3FE0 /* mxnet_predict-all.cc */ = {isa = PBXFileReference; fileEncoding = 4; lastKnownFileType = sourcecode.cpp.cpp; path = "mxnet_predict-all.cc"; sourceTree = "<group>"; };
		472E1CDA1C545B53005E3FE0 /* c_predict_api.h */ = {isa = PBXFileReference; fileEncoding = 4; lastKnownFileType = sourcecode.c.h; path = c_predict_api.h; sourceTree = "<group>"; };
		472E1CDC1C545B9A005E3FE0 /* Accelerate.framework */ = {isa = PBXFileReference; lastKnownFileType = wrapper.framework; name = Accelerate.framework; path = System/Library/Frameworks/Accelerate.framework; sourceTree = SDKROOT; };
		C86E50A91E7839D6009137C8 /* opencv2.framework */ = {isa = PBXFileReference; lastKnownFileType = wrapper.framework; path = opencv2.framework; sourceTree = "<group>"; };
		C86E50AB1E784DF1009137C8 /* UIKit.framework */ = {isa = PBXFileReference; lastKnownFileType = wrapper.framework; name = UIKit.framework; path = System/Library/Frameworks/UIKit.framework; sourceTree = SDKROOT; };
		C86E50AD1E784EF8009137C8 /* CoreVideo.framework */ = {isa = PBXFileReference; lastKnownFileType = wrapper.framework; name = CoreVideo.framework; path = System/Library/Frameworks/CoreVideo.framework; sourceTree = SDKROOT; };
		C86E50AF1E784FC8009137C8 /* CoreGraphics.framework */ = {isa = PBXFileReference; lastKnownFileType = wrapper.framework; name = CoreGraphics.framework; path = System/Library/Frameworks/CoreGraphics.framework; sourceTree = SDKROOT; };
		C8D9F5611E718E27005DD292 /* LICENSE_MXNet */ = {isa = PBXFileReference; fileEncoding = 4; lastKnownFileType = text; path = LICENSE_MXNet; sourceTree = "<group>"; };
		C8D9F5661E719578005DD292 /* AVFoundation.framework */ = {isa = PBXFileReference; lastKnownFileType = wrapper.framework; name = AVFoundation.framework; path = System/Library/Frameworks/AVFoundation.framework; sourceTree = SDKROOT; };
		C8D9F5681E7197BF005DD292 /* CoreMedia.framework */ = {isa = PBXFileReference; lastKnownFileType = wrapper.framework; name = CoreMedia.framework; path = System/Library/Frameworks/CoreMedia.framework; sourceTree = SDKROOT; };
		C8FA00311E7024500063DD50 /* amalgamate_mxnet.sh */ = {isa = PBXFileReference; fileEncoding = 4; lastKnownFileType = text.script.sh; path = amalgamate_mxnet.sh; sourceTree = "<group>"; };
		C8FD90441EC0B48D00862215 /* binarized_binary-mnist_32-0001.params */ = {isa = PBXFileReference; lastKnownFileType = file; name = "binarized_binary-mnist_32-0001.params"; path = "BinaryMNIST/binarized_binary-mnist_32-0001.params"; sourceTree = "<group>"; };
		C8FD90451EC0B48D00862215 /* binarized_binary-mnist_32-symbol.json */ = {isa = PBXFileReference; fileEncoding = 4; lastKnownFileType = text.json; name = "binarized_binary-mnist_32-symbol.json"; path = "BinaryMNIST/binarized_binary-mnist_32-symbol.json"; sourceTree = "<group>"; };
		C8FD90461EC0B48D00862215 /* binarized_binary-mnist_64-0001.params */ = {isa = PBXFileReference; lastKnownFileType = file; name = "binarized_binary-mnist_64-0001.params"; path = "BinaryMNIST/binarized_binary-mnist_64-0001.params"; sourceTree = "<group>"; };
		C8FD90471EC0B48D00862215 /* binarized_binary-mnist_64-symbol.json */ = {isa = PBXFileReference; fileEncoding = 4; lastKnownFileType = text.json; name = "binarized_binary-mnist_64-symbol.json"; path = "BinaryMNIST/binarized_binary-mnist_64-symbol.json"; sourceTree = "<group>"; };
/* End PBXFileReference section */

/* Begin PBXFrameworksBuildPhase section */
		472E1CBB1C545B31005E3FE0 /* Frameworks */ = {
			isa = PBXFrameworksBuildPhase;
			buildActionMask = 2147483647;
			files = (
				C86E50B01E784FC8009137C8 /* CoreGraphics.framework in Frameworks */,
				C86E50AE1E784EF8009137C8 /* CoreVideo.framework in Frameworks */,
				C86E50AC1E784DF1009137C8 /* UIKit.framework in Frameworks */,
				C8D9F5691E7197BF005DD292 /* CoreMedia.framework in Frameworks */,
				C8D9F5671E719578005DD292 /* AVFoundation.framework in Frameworks */,
				C86E50AA1E7839D6009137C8 /* opencv2.framework in Frameworks */,
				472E1CDD1C545B9A005E3FE0 /* Accelerate.framework in Frameworks */,
			);
			runOnlyForDeploymentPostprocessing = 0;
		};
/* End PBXFrameworksBuildPhase section */

/* Begin PBXGroup section */
		472E1CB51C545B31005E3FE0 = {
			isa = PBXGroup;
			children = (
				472E1CDC1C545B9A005E3FE0 /* Accelerate.framework */,
				472E1CC01C545B31005E3FE0 /* mnist-ios */,
				472E1CBF1C545B31005E3FE0 /* Products */,
				C8D9F5651E719578005DD292 /* Frameworks */,
			);
			sourceTree = "<group>";
		};
		472E1CBF1C545B31005E3FE0 /* Products */ = {
			isa = PBXGroup;
			children = (
				472E1CBE1C545B31005E3FE0 /* mnist-ios.app */,
			);
			name = Products;
			sourceTree = "<group>";
		};
		472E1CC01C545B31005E3FE0 /* mnist-ios */ = {
			isa = PBXGroup;
			children = (
				C86014561E76D454002DFC3B /* BinaryMNIST */,
				472E1CD81C545B4E005E3FE0 /* MXNet */,
				472E1CC41C545B31005E3FE0 /* AppDelegate.h */,
				472E1CC51C545B31005E3FE0 /* AppDelegate.m */,
				472E1CC71C545B31005E3FE0 /* ViewController.h */,
				472E1CC81C545B31005E3FE0 /* ViewController.mm */,
				472E1CCA1C545B31005E3FE0 /* Main.storyboard */,
				472E1CCD1C545B31005E3FE0 /* Assets.xcassets */,
				472E1CCF1C545B31005E3FE0 /* LaunchScreen.storyboard */,
				472E1CD21C545B31005E3FE0 /* Info.plist */,
				472E1CC11C545B31005E3FE0 /* Supporting Files */,
			);
			path = "mnist-ios";
			sourceTree = "<group>";
		};
		472E1CC11C545B31005E3FE0 /* Supporting Files */ = {
			isa = PBXGroup;
			children = (
				472E1CC21C545B31005E3FE0 /* main.m */,
			);
			name = "Supporting Files";
			sourceTree = "<group>";
		};
		472E1CD81C545B4E005E3FE0 /* MXNet */ = {
			isa = PBXGroup;
			children = (
				C8D9F5611E718E27005DD292 /* LICENSE_MXNet */,
				C8FA00311E7024500063DD50 /* amalgamate_mxnet.sh */,
				472E1CD91C545B53005E3FE0 /* mxnet_predict-all.cc */,
				472E1CDA1C545B53005E3FE0 /* c_predict_api.h */,
			);
			path = MXNet;
			sourceTree = "<group>";
		};
		C86014561E76D454002DFC3B /* BinaryMNIST */ = {
			isa = PBXGroup;
			children = (
				C8FD90441EC0B48D00862215 /* binarized_binary-mnist_32-0001.params */,
				C8FD90451EC0B48D00862215 /* binarized_binary-mnist_32-symbol.json */,
				C8FD90461EC0B48D00862215 /* binarized_binary-mnist_64-0001.params */,
				C8FD90471EC0B48D00862215 /* binarized_binary-mnist_64-symbol.json */,
			);
			name = BinaryMNIST;
			sourceTree = "<group>";
		};
		C8D9F5651E719578005DD292 /* Frameworks */ = {
			isa = PBXGroup;
			children = (
				C86E50AF1E784FC8009137C8 /* CoreGraphics.framework */,
				C86E50AD1E784EF8009137C8 /* CoreVideo.framework */,
				C86E50AB1E784DF1009137C8 /* UIKit.framework */,
				C86E50A91E7839D6009137C8 /* opencv2.framework */,
				C8D9F5681E7197BF005DD292 /* CoreMedia.framework */,
				C8D9F5661E719578005DD292 /* AVFoundation.framework */,
			);
			name = Frameworks;
			sourceTree = "<group>";
		};
/* End PBXGroup section */

/* Begin PBXNativeTarget section */
		472E1CBD1C545B31005E3FE0 /* mnist-ios */ = {
			isa = PBXNativeTarget;
			buildConfigurationList = 472E1CD51C545B31005E3FE0 /* Build configuration list for PBXNativeTarget "mnist-ios" */;
			buildPhases = (
				472E1CBA1C545B31005E3FE0 /* Sources */,
				472E1CBB1C545B31005E3FE0 /* Frameworks */,
				472E1CBC1C545B31005E3FE0 /* Resources */,
				C86E50A51E76F4B7009137C8 /* CopyFiles */,
			);
			buildRules = (
			);
			dependencies = (
			);
			name = "mnist-ios";
			productName = "mnist-ios";
			productReference = 472E1CBE1C545B31005E3FE0 /* mnist-ios.app */;
			productType = "com.apple.product-type.application";
		};
/* End PBXNativeTarget section */

/* Begin PBXProject section */
		472E1CB61C545B31005E3FE0 /* Project object */ = {
			isa = PBXProject;
			attributes = {
				LastUpgradeCheck = 0820;
				ORGANIZATIONNAME = HPI;
				TargetAttributes = {
					472E1CBD1C545B31005E3FE0 = {
						CreatedOnToolsVersion = 7.2;
						DevelopmentTeam = 2W5FFJ2T2K;
					};
				};
			};
			buildConfigurationList = 472E1CB91C545B31005E3FE0 /* Build configuration list for PBXProject "mnist-ios" */;
			compatibilityVersion = "Xcode 6.3";
			developmentRegion = English;
			hasScannedForEncodings = 0;
			knownRegions = (
				en,
				Base,
			);
			mainGroup = 472E1CB51C545B31005E3FE0;
			productRefGroup = 472E1CBF1C545B31005E3FE0 /* Products */;
			projectDirPath = "";
			projectRoot = "";
			targets = (
				472E1CBD1C545B31005E3FE0 /* mnist-ios */,
			);
		};
/* End PBXProject section */

/* Begin PBXResourcesBuildPhase section */
		472E1CBC1C545B31005E3FE0 /* Resources */ = {
			isa = PBXResourcesBuildPhase;
			buildActionMask = 2147483647;
			files = (
				472E1CD11C545B31005E3FE0 /* LaunchScreen.storyboard in Resources */,
				C8FD90481EC0B48D00862215 /* binarized_binary-mnist_32-0001.params in Resources */,
				C8FD904A1EC0B48D00862215 /* binarized_binary-mnist_64-0001.params in Resources */,
				C8D9F5621E718E27005DD292 /* LICENSE_MXNet in Resources */,
				C8FD90491EC0B48D00862215 /* binarized_binary-mnist_32-symbol.json in Resources */,
				472E1CCE1C545B31005E3FE0 /* Assets.xcassets in Resources */,
				C8FD904B1EC0B48D00862215 /* binarized_binary-mnist_64-symbol.json in Resources */,
				472E1CCC1C545B31005E3FE0 /* Main.storyboard in Resources */,
				C8FA00321E7024500063DD50 /* amalgamate_mxnet.sh in Resources */,
			);
			runOnlyForDeploymentPostprocessing = 0;
		};
/* End PBXResourcesBuildPhase section */

/* Begin PBXSourcesBuildPhase section */
		472E1CBA1C545B31005E3FE0 /* Sources */ = {
			isa = PBXSourcesBuildPhase;
			buildActionMask = 2147483647;
			files = (
				472E1CDB1C545B53005E3FE0 /* mxnet_predict-all.cc in Sources */,
				472E1CC91C545B31005E3FE0 /* ViewController.mm in Sources */,
				472E1CC61C545B31005E3FE0 /* AppDelegate.m in Sources */,
				472E1CC31C545B31005E3FE0 /* main.m in Sources */,
			);
			runOnlyForDeploymentPostprocessing = 0;
		};
/* End PBXSourcesBuildPhase section */

/* Begin PBXVariantGroup section */
		472E1CCA1C545B31005E3FE0 /* Main.storyboard */ = {
			isa = PBXVariantGroup;
			children = (
				472E1CCB1C545B31005E3FE0 /* Base */,
			);
			name = Main.storyboard;
			sourceTree = "<group>";
		};
		472E1CCF1C545B31005E3FE0 /* LaunchScreen.storyboard */ = {
			isa = PBXVariantGroup;
			children = (
				472E1CD01C545B31005E3FE0 /* Base */,
			);
			name = LaunchScreen.storyboard;
			sourceTree = "<group>";
		};
/* End PBXVariantGroup section */

/* Begin XCBuildConfiguration section */
		472E1CD31C545B31005E3FE0 /* Debug */ = {
			isa = XCBuildConfiguration;
			buildSettings = {
				CLANG_CXX_LANGUAGE_STANDARD = "gnu++0x";
				CLANG_CXX_LIBRARY = "libc++";
				CLANG_ENABLE_MODULES = YES;
				CLANG_ENABLE_OBJC_ARC = YES;
				CLANG_WARN_BOOL_CONVERSION = YES;
				CLANG_WARN_CONSTANT_CONVERSION = YES;
				CLANG_WARN_DIRECT_OBJC_ISA_USAGE = YES_ERROR;
				CLANG_WARN_EMPTY_BODY = YES;
				CLANG_WARN_ENUM_CONVERSION = YES;
				CLANG_WARN_INFINITE_RECURSION = YES;
				CLANG_WARN_INT_CONVERSION = YES;
				CLANG_WARN_OBJC_ROOT_CLASS = YES_ERROR;
				CLANG_WARN_SUSPICIOUS_MOVE = YES;
				CLANG_WARN_UNREACHABLE_CODE = YES;
				CLANG_WARN__DUPLICATE_METHOD_MATCH = YES;
				"CODE_SIGN_IDENTITY[sdk=iphoneos*]" = "iPhone Developer";
				COPY_PHASE_STRIP = NO;
				DEBUG_INFORMATION_FORMAT = dwarf;
				ENABLE_STRICT_OBJC_MSGSEND = YES;
				ENABLE_TESTABILITY = YES;
				GCC_C_LANGUAGE_STANDARD = gnu99;
				GCC_DYNAMIC_NO_PIC = NO;
				GCC_INPUT_FILETYPE = sourcecode.cpp.objcpp;
				GCC_NO_COMMON_BLOCKS = YES;
				GCC_OPTIMIZATION_LEVEL = 0;
				GCC_PREPROCESSOR_DEFINITIONS = (
					"DEBUG=1",
					"$(inherited)",
				);
				"GCC_PREPROCESSOR_DEFINITIONS[arch=*]" = (
					"MXNET_PREDICT_ONLY=1",
					"MXNET_USE_OPENCV=0",
					"MSHADOW_USE_CUDA=0",
					"MSHADOW_USE_SSE=0",
					"BINARY_WORD_32=1",
					"BINARY_WORD_64=0",
				);
				GCC_WARN_64_TO_32_BIT_CONVERSION = YES;
				GCC_WARN_ABOUT_RETURN_TYPE = YES_ERROR;
				GCC_WARN_UNDECLARED_SELECTOR = YES;
				GCC_WARN_UNINITIALIZED_AUTOS = YES_AGGRESSIVE;
				GCC_WARN_UNUSED_FUNCTION = YES;
				GCC_WARN_UNUSED_VARIABLE = YES;
				IPHONEOS_DEPLOYMENT_TARGET = 9.2;
				MTL_ENABLE_DEBUG_INFO = YES;
				ONLY_ACTIVE_ARCH = YES;
				SDKROOT = iphoneos;
			};
			name = Debug;
		};
		472E1CD41C545B31005E3FE0 /* Release */ = {
			isa = XCBuildConfiguration;
			buildSettings = {
				CLANG_CXX_LANGUAGE_STANDARD = "gnu++0x";
				CLANG_CXX_LIBRARY = "libc++";
				CLANG_ENABLE_MODULES = YES;
				CLANG_ENABLE_OBJC_ARC = YES;
				CLANG_WARN_BOOL_CONVERSION = YES;
				CLANG_WARN_CONSTANT_CONVERSION = YES;
				CLANG_WARN_DIRECT_OBJC_ISA_USAGE = YES_ERROR;
				CLANG_WARN_EMPTY_BODY = YES;
				CLANG_WARN_ENUM_CONVERSION = YES;
				CLANG_WARN_INFINITE_RECURSION = YES;
				CLANG_WARN_INT_CONVERSION = YES;
				CLANG_WARN_OBJC_ROOT_CLASS = YES_ERROR;
				CLANG_WARN_SUSPICIOUS_MOVE = YES;
				CLANG_WARN_UNREACHABLE_CODE = YES;
				CLANG_WARN__DUPLICATE_METHOD_MATCH = YES;
				"CODE_SIGN_IDENTITY[sdk=iphoneos*]" = "iPhone Developer";
				COPY_PHASE_STRIP = NO;
				DEBUG_INFORMATION_FORMAT = "dwarf-with-dsym";
				ENABLE_NS_ASSERTIONS = NO;
				ENABLE_STRICT_OBJC_MSGSEND = YES;
				GCC_C_LANGUAGE_STANDARD = gnu99;
				GCC_INPUT_FILETYPE = sourcecode.cpp.objcpp;
				GCC_NO_COMMON_BLOCKS = YES;
				"GCC_PREPROCESSOR_DEFINITIONS[arch=*]" = (
					"MXNET_PREDICT_ONLY=1",
					"MXNET_USE_OPENCV=0",
					"MSHADOW_USE_CUDA=0",
					"MSHADOW_USE_SSE=0",
					"BINARY_WORD_32=1",
					"BINARY_WORD_64=0",
				);
				GCC_WARN_64_TO_32_BIT_CONVERSION = YES;
				GCC_WARN_ABOUT_RETURN_TYPE = YES_ERROR;
				GCC_WARN_UNDECLARED_SELECTOR = YES;
				GCC_WARN_UNINITIALIZED_AUTOS = YES_AGGRESSIVE;
				GCC_WARN_UNUSED_FUNCTION = YES;
				GCC_WARN_UNUSED_VARIABLE = YES;
				IPHONEOS_DEPLOYMENT_TARGET = 9.2;
				MTL_ENABLE_DEBUG_INFO = NO;
				SDKROOT = iphoneos;
				VALIDATE_PRODUCT = YES;
			};
			name = Release;
		};
		472E1CD61C545B31005E3FE0 /* Debug */ = {
			isa = XCBuildConfiguration;
			buildSettings = {
				ASSETCATALOG_COMPILER_APPICON_NAME = AppIcon;
				CODE_SIGN_IDENTITY = "iPhone Developer";
				"CODE_SIGN_IDENTITY[sdk=iphoneos*]" = "iPhone Developer";
				DEVELOPMENT_TEAM = 2W5FFJ2T2K;
				FRAMEWORK_SEARCH_PATHS = (
					"$(inherited)",
					"$(PROJECT_DIR)",
				);
				INFOPLIST_FILE = "mnist-ios/Info.plist";
				LD_RUNPATH_SEARCH_PATHS = "$(inherited) @executable_path/Frameworks";
				PRODUCT_BUNDLE_IDENTIFIER = "com.hpi.smd.object-detection";
				PRODUCT_NAME = "$(TARGET_NAME)";
				PROVISIONING_PROFILE = "";
				WARNING_CFLAGS = "-fms-extensions";
			};
			name = Debug;
		};
		472E1CD71C545B31005E3FE0 /* Release */ = {
			isa = XCBuildConfiguration;
			buildSettings = {
				ASSETCATALOG_COMPILER_APPICON_NAME = AppIcon;
				CODE_SIGN_IDENTITY = "iPhone Developer";
				"CODE_SIGN_IDENTITY[sdk=iphoneos*]" = "iPhone Developer";
				DEVELOPMENT_TEAM = 2W5FFJ2T2K;
				FRAMEWORK_SEARCH_PATHS = (
					"$(inherited)",
					"$(PROJECT_DIR)",
				);
				INFOPLIST_FILE = "mnist-ios/Info.plist";
				LD_RUNPATH_SEARCH_PATHS = "$(inherited) @executable_path/Frameworks";
				PRODUCT_BUNDLE_IDENTIFIER = "com.hpi.smd.object-detection";
				PRODUCT_NAME = "$(TARGET_NAME)";
				PROVISIONING_PROFILE = "";
				WARNING_CFLAGS = "-fms-extensions";
			};
			name = Release;
		};
/* End XCBuildConfiguration section */

/* Begin XCConfigurationList section */
		472E1CB91C545B31005E3FE0 /* Build configuration list for PBXProject "mnist-ios" */ = {
			isa = XCConfigurationList;
			buildConfigurations = (
				472E1CD31C545B31005E3FE0 /* Debug */,
				472E1CD41C545B31005E3FE0 /* Release */,
			);
			defaultConfigurationIsVisible = 0;
			defaultConfigurationName = Release;
		};
		472E1CD51C545B31005E3FE0 /* Build configuration list for PBXNativeTarget "mnist-ios" */ = {
			isa = XCConfigurationList;
			buildConfigurations = (
				472E1CD61C545B31005E3FE0 /* Debug */,
				472E1CD71C545B31005E3FE0 /* Release */,
			);
			defaultConfigurationIsVisible = 0;
			defaultConfigurationName = Release;
		};
/* End XCConfigurationList section */
	};
	rootObject = 472E1CB61C545B31005E3FE0 /* Project object */;
}
